{
  "pins" : [
    {
      "identity" : "wwcapsuletabbarcontroller",
      "kind" : "remoteSourceControl",
      "location" : "https://github.com/William-Weng/WWCapsuleTabBarController",
      "state" : {
        "revision" : "578d5ccd1c628963fa661986876a950c8be8d764",
        "version" : "1.2.2"
      }
    },
    {
      "identity" : "wwprint",
      "kind" : "remoteSourceControl",
      "location" : "https://github.com/William-Weng/WWPrint.git",
      "state" : {
        "revision" : "0acf1057863faea81c3ded2057c21b09c3435435",
        "version" : "1.3.0"
      }
    }
  ],
  "version" : 2
}
