{
  "pins" : [
    {
      "identity" : "wwcapsuletabbarcontroller",
      "kind" : "remoteSourceControl",
      "location" : "https://github.com/William-Weng/WWCapsuleTabBarController",
      "state" : {
        "revision" : "cedbb5a2816567c43120f98e8617c3e0809a2451",
        "version" : "1.0.0"
      }
    },
    {
      "identity" : "wwprint",
      "kind" : "remoteSourceControl",
      "location" : "https://github.com/William-Weng/WWPrint.git",
      "state" : {
        "revision" : "0acf1057863faea81c3ded2057c21b09c3435435",
        "version" : "1.3.0"
      }
    }
  ],
  "version" : 2
}
