{
  "pins" : [
    {
      "identity" : "wwcapsuletabbarcontroller",
      "kind" : "remoteSourceControl",
      "location" : "https://github.com/William-Weng/WWCapsuleTabBarController",
      "state" : {
        "revision" : "9f778c2f66019e9d6918a9199614c6e76cabf404",
        "version" : "1.2.3"
      }
    },
    {
      "identity" : "wwprint",
      "kind" : "remoteSourceControl",
      "location" : "https://github.com/William-Weng/WWPrint.git",
      "state" : {
        "revision" : "0acf1057863faea81c3ded2057c21b09c3435435",
        "version" : "1.3.0"
      }
    }
  ],
  "version" : 2
}
